
Microsoft Visual Studio Solution File, Format Version 12.00
# Visual Studio 14
VisualStudioVersion = 14.0.25420.1
MinimumVisualStudioVersion = 10.0.40219.1
Project("{FAE04EC0-301F-11D3-BF4B-00C04F79EFBC}") = "TwitterEntryDemo.Android", "TwitterEntryDemo\TwitterEntryDemo.Android\TwitterEntryDemo.Android.csproj", "{9EA44270-D269-4156-8930-25972EC60629}"
EndProject
Project("{FAE04EC0-301F-11D3-BF4B-00C04F79EFBC}") = "TwitterEntryDemo", "TwitterEntryDemo\TwitterEntryDemo\TwitterEntryDemo.csproj", "{78240015-82E7-4C4C-8901-66AAA6ABA0D0}"
EndProject
Project("{FAE04EC0-301F-11D3-BF4B-00C04F79EFBC}") = "TwitterEntryDemo.UWP", "TwitterEntryDemo\TwitterEntryDemo.UWP\TwitterEntryDemo.UWP.csproj", "{C0976D68-F8DE-4274-BD11-9AE0ECDA0F50}"
EndProject
Project("{FAE04EC0-301F-11D3-BF4B-00C04F79EFBC}") = "TwitterEntryDemo.iOS", "TwitterEntryDemo\TwitterEntryDemo.iOS\TwitterEntryDemo.iOS.csproj", "{4A0A7DB7-6AFB-4521-B2FD-3E397058F40A}"
EndProject
Global
	GlobalSection(SolutionConfigurationPlatforms) = preSolution
		Ad-Hoc|Any CPU = Ad-Hoc|Any CPU
		Ad-Hoc|ARM = Ad-Hoc|ARM
		Ad-Hoc|iPhone = Ad-Hoc|iPhone
		Ad-Hoc|iPhoneSimulator = Ad-Hoc|iPhoneSimulator
		Ad-Hoc|x64 = Ad-Hoc|x64
		Ad-Hoc|x86 = Ad-Hoc|x86
		AppStore|Any CPU = AppStore|Any CPU
		AppStore|ARM = AppStore|ARM
		AppStore|iPhone = AppStore|iPhone
		AppStore|iPhoneSimulator = AppStore|iPhoneSimulator
		AppStore|x64 = AppStore|x64
		AppStore|x86 = AppStore|x86
		Debug|Any CPU = Debug|Any CPU
		Debug|ARM = Debug|ARM
		Debug|iPhone = Debug|iPhone
		Debug|iPhoneSimulator = Debug|iPhoneSimulator
		Debug|x64 = Debug|x64
		Debug|x86 = Debug|x86
		Release|Any CPU = Release|Any CPU
		Release|ARM = Release|ARM
		Release|iPhone = Release|iPhone
		Release|iPhoneSimulator = Release|iPhoneSimulator
		Release|x64 = Release|x64
		Release|x86 = Release|x86
	EndGlobalSection
	GlobalSection(ProjectConfigurationPlatforms) = postSolution
		{9EA44270-D269-4156-8930-25972EC60629}.Ad-Hoc|Any CPU.ActiveCfg = Release|Any CPU
		{9EA44270-D269-4156-8930-25972EC60629}.Ad-Hoc|Any CPU.Build.0 = Release|Any CPU
		{9EA44270-D269-4156-8930-25972EC60629}.Ad-Hoc|Any CPU.Deploy.0 = Release|Any CPU
		{9EA44270-D269-4156-8930-25972EC60629}.Ad-Hoc|ARM.ActiveCfg = Release|Any CPU
		{9EA44270-D269-4156-8930-25972EC60629}.Ad-Hoc|ARM.Build.0 = Release|Any CPU
		{9EA44270-D269-4156-8930-25972EC60629}.Ad-Hoc|ARM.Deploy.0 = Release|Any CPU
		{9EA44270-D269-4156-8930-25972EC60629}.Ad-Hoc|iPhone.ActiveCfg = Release|Any CPU
		{9EA44270-D269-4156-8930-25972EC60629}.Ad-Hoc|iPhone.Build.0 = Release|Any CPU
		{9EA44270-D269-4156-8930-25972EC60629}.Ad-Hoc|iPhone.Deploy.0 = Release|Any CPU
		{9EA44270-D269-4156-8930-25972EC60629}.Ad-Hoc|iPhoneSimulator.ActiveCfg = Release|Any CPU
		{9EA44270-D269-4156-8930-25972EC60629}.Ad-Hoc|iPhoneSimulator.Build.0 = Release|Any CPU
		{9EA44270-D269-4156-8930-25972EC60629}.Ad-Hoc|iPhoneSimulator.Deploy.0 = Release|Any CPU
		{9EA44270-D269-4156-8930-25972EC60629}.Ad-Hoc|x64.ActiveCfg = Release|Any CPU
		{9EA44270-D269-4156-8930-25972EC60629}.Ad-Hoc|x64.Build.0 = Release|Any CPU
		{9EA44270-D269-4156-8930-25972EC60629}.Ad-Hoc|x64.Deploy.0 = Release|Any CPU
		{9EA44270-D269-4156-8930-25972EC60629}.Ad-Hoc|x86.ActiveCfg = Release|Any CPU
		{9EA44270-D269-4156-8930-25972EC60629}.Ad-Hoc|x86.Build.0 = Release|Any CPU
		{9EA44270-D269-4156-8930-25972EC60629}.Ad-Hoc|x86.Deploy.0 = Release|Any CPU
		{9EA44270-D269-4156-8930-25972EC60629}.AppStore|Any CPU.ActiveCfg = Release|Any CPU
		{9EA44270-D269-4156-8930-25972EC60629}.AppStore|Any CPU.Build.0 = Release|Any CPU
		{9EA44270-D269-4156-8930-25972EC60629}.AppStore|Any CPU.Deploy.0 = Release|Any CPU
		{9EA44270-D269-4156-8930-25972EC60629}.AppStore|ARM.ActiveCfg = Release|Any CPU
		{9EA44270-D269-4156-8930-25972EC60629}.AppStore|ARM.Build.0 = Release|Any CPU
		{9EA44270-D269-4156-8930-25972EC60629}.AppStore|ARM.Deploy.0 = Release|Any CPU
		{9EA44270-D269-4156-8930-25972EC60629}.AppStore|iPhone.ActiveCfg = Release|Any CPU
		{9EA44270-D269-4156-8930-25972EC60629}.AppStore|iPhone.Build.0 = Release|Any CPU
		{9EA44270-D269-4156-8930-25972EC60629}.AppStore|iPhone.Deploy.0 = Release|Any CPU
		{9EA44270-D269-4156-8930-25972EC60629}.AppStore|iPhoneSimulator.ActiveCfg = Release|Any CPU
		{9EA44270-D269-4156-8930-25972EC60629}.AppStore|iPhoneSimulator.Build.0 = Release|Any CPU
		{9EA44270-D269-4156-8930-25972EC60629}.AppStore|iPhoneSimulator.Deploy.0 = Release|Any CPU
		{9EA44270-D269-4156-8930-25972EC60629}.AppStore|x64.ActiveCfg = Release|Any CPU
		{9EA44270-D269-4156-8930-25972EC60629}.AppStore|x64.Build.0 = Release|Any CPU
		{9EA44270-D269-4156-8930-25972EC60629}.AppStore|x64.Deploy.0 = Release|Any CPU
		{9EA44270-D269-4156-8930-25972EC60629}.AppStore|x86.ActiveCfg = Release|Any CPU
		{9EA44270-D269-4156-8930-25972EC60629}.AppStore|x86.Build.0 = Release|Any CPU
		{9EA44270-D269-4156-8930-25972EC60629}.AppStore|x86.Deploy.0 = Release|Any CPU
		{9EA44270-D269-4156-8930-25972EC60629}.Debug|Any CPU.ActiveCfg = Debug|Any CPU
		{9EA44270-D269-4156-8930-25972EC60629}.Debug|Any CPU.Build.0 = Debug|Any CPU
		{9EA44270-D269-4156-8930-25972EC60629}.Debug|Any CPU.Deploy.0 = Debug|Any CPU
		{9EA44270-D269-4156-8930-25972EC60629}.Debug|ARM.ActiveCfg = Debug|Any CPU
		{9EA44270-D269-4156-8930-25972EC60629}.Debug|ARM.Build.0 = Debug|Any CPU
		{9EA44270-D269-4156-8930-25972EC60629}.Debug|ARM.Deploy.0 = Debug|Any CPU
		{9EA44270-D269-4156-8930-25972EC60629}.Debug|iPhone.ActiveCfg = Debug|Any CPU
		{9EA44270-D269-4156-8930-25972EC60629}.Debug|iPhone.Build.0 = Debug|Any CPU
		{9EA44270-D269-4156-8930-25972EC60629}.Debug|iPhone.Deploy.0 = Debug|Any CPU
		{9EA44270-D269-4156-8930-25972EC60629}.Debug|iPhoneSimulator.ActiveCfg = Debug|Any CPU
		{9EA44270-D269-4156-8930-25972EC60629}.Debug|iPhoneSimulator.Build.0 = Debug|Any CPU
		{9EA44270-D269-4156-8930-25972EC60629}.Debug|iPhoneSimulator.Deploy.0 = Debug|Any CPU
		{9EA44270-D269-4156-8930-25972EC60629}.Debug|x64.ActiveCfg = Debug|Any CPU
		{9EA44270-D269-4156-8930-25972EC60629}.Debug|x64.Build.0 = Debug|Any CPU
		{9EA44270-D269-4156-8930-25972EC60629}.Debug|x64.Deploy.0 = Debug|Any CPU
		{9EA44270-D269-4156-8930-25972EC60629}.Debug|x86.ActiveCfg = Debug|Any CPU
		{9EA44270-D269-4156-8930-25972EC60629}.Debug|x86.Build.0 = Debug|Any CPU
		{9EA44270-D269-4156-8930-25972EC60629}.Debug|x86.Deploy.0 = Debug|Any CPU
		{9EA44270-D269-4156-8930-25972EC60629}.Release|Any CPU.ActiveCfg = Release|Any CPU
		{9EA44270-D269-4156-8930-25972EC60629}.Release|Any CPU.Build.0 = Release|Any CPU
		{9EA44270-D269-4156-8930-25972EC60629}.Release|Any CPU.Deploy.0 = Release|Any CPU
		{9EA44270-D269-4156-8930-25972EC60629}.Release|ARM.ActiveCfg = Release|Any CPU
		{9EA44270-D269-4156-8930-25972EC60629}.Release|ARM.Build.0 = Release|Any CPU
		{9EA44270-D269-4156-8930-25972EC60629}.Release|ARM.Deploy.0 = Release|Any CPU
		{9EA44270-D269-4156-8930-25972EC60629}.Release|iPhone.ActiveCfg = Release|Any CPU
		{9EA44270-D269-4156-8930-25972EC60629}.Release|iPhone.Build.0 = Release|Any CPU
		{9EA44270-D269-4156-8930-25972EC60629}.Release|iPhone.Deploy.0 = Release|Any CPU
		{9EA44270-D269-4156-8930-25972EC60629}.Release|iPhoneSimulator.ActiveCfg = Release|Any CPU
		{9EA44270-D269-4156-8930-25972EC60629}.Release|iPhoneSimulator.Build.0 = Release|Any CPU
		{9EA44270-D269-4156-8930-25972EC60629}.Release|iPhoneSimulator.Deploy.0 = Release|Any CPU
		{9EA44270-D269-4156-8930-25972EC60629}.Release|x64.ActiveCfg = Release|Any CPU
		{9EA44270-D269-4156-8930-25972EC60629}.Release|x64.Build.0 = Release|Any CPU
		{9EA44270-D269-4156-8930-25972EC60629}.Release|x64.Deploy.0 = Release|Any CPU
		{9EA44270-D269-4156-8930-25972EC60629}.Release|x86.ActiveCfg = Release|Any CPU
		{9EA44270-D269-4156-8930-25972EC60629}.Release|x86.Build.0 = Release|Any CPU
		{9EA44270-D269-4156-8930-25972EC60629}.Release|x86.Deploy.0 = Release|Any CPU
		{78240015-82E7-4C4C-8901-66AAA6ABA0D0}.Ad-Hoc|Any CPU.ActiveCfg = Release|Any CPU
		{78240015-82E7-4C4C-8901-66AAA6ABA0D0}.Ad-Hoc|Any CPU.Build.0 = Release|Any CPU
		{78240015-82E7-4C4C-8901-66AAA6ABA0D0}.Ad-Hoc|ARM.ActiveCfg = Release|Any CPU
		{78240015-82E7-4C4C-8901-66AAA6ABA0D0}.Ad-Hoc|ARM.Build.0 = Release|Any CPU
		{78240015-82E7-4C4C-8901-66AAA6ABA0D0}.Ad-Hoc|iPhone.ActiveCfg = Release|Any CPU
		{78240015-82E7-4C4C-8901-66AAA6ABA0D0}.Ad-Hoc|iPhone.Build.0 = Release|Any CPU
		{78240015-82E7-4C4C-8901-66AAA6ABA0D0}.Ad-Hoc|iPhoneSimulator.ActiveCfg = Release|Any CPU
		{78240015-82E7-4C4C-8901-66AAA6ABA0D0}.Ad-Hoc|iPhoneSimulator.Build.0 = Release|Any CPU
		{78240015-82E7-4C4C-8901-66AAA6ABA0D0}.Ad-Hoc|x64.ActiveCfg = Release|Any CPU
		{78240015-82E7-4C4C-8901-66AAA6ABA0D0}.Ad-Hoc|x64.Build.0 = Release|Any CPU
		{78240015-82E7-4C4C-8901-66AAA6ABA0D0}.Ad-Hoc|x86.ActiveCfg = Release|Any CPU
		{78240015-82E7-4C4C-8901-66AAA6ABA0D0}.Ad-Hoc|x86.Build.0 = Release|Any CPU
		{78240015-82E7-4C4C-8901-66AAA6ABA0D0}.AppStore|Any CPU.ActiveCfg = Release|Any CPU
		{78240015-82E7-4C4C-8901-66AAA6ABA0D0}.AppStore|Any CPU.Build.0 = Release|Any CPU
		{78240015-82E7-4C4C-8901-66AAA6ABA0D0}.AppStore|ARM.ActiveCfg = Release|Any CPU
		{78240015-82E7-4C4C-8901-66AAA6ABA0D0}.AppStore|ARM.Build.0 = Release|Any CPU
		{78240015-82E7-4C4C-8901-66AAA6ABA0D0}.AppStore|iPhone.ActiveCfg = Release|Any CPU
		{78240015-82E7-4C4C-8901-66AAA6ABA0D0}.AppStore|iPhone.Build.0 = Release|Any CPU
		{78240015-82E7-4C4C-8901-66AAA6ABA0D0}.AppStore|iPhoneSimulator.ActiveCfg = Release|Any CPU
		{78240015-82E7-4C4C-8901-66AAA6ABA0D0}.AppStore|iPhoneSimulator.Build.0 = Release|Any CPU
		{78240015-82E7-4C4C-8901-66AAA6ABA0D0}.AppStore|x64.ActiveCfg = Release|Any CPU
		{78240015-82E7-4C4C-8901-66AAA6ABA0D0}.AppStore|x64.Build.0 = Release|Any CPU
		{78240015-82E7-4C4C-8901-66AAA6ABA0D0}.AppStore|x86.ActiveCfg = Release|Any CPU
		{78240015-82E7-4C4C-8901-66AAA6ABA0D0}.AppStore|x86.Build.0 = Release|Any CPU
		{78240015-82E7-4C4C-8901-66AAA6ABA0D0}.Debug|Any CPU.ActiveCfg = Debug|Any CPU
		{78240015-82E7-4C4C-8901-66AAA6ABA0D0}.Debug|Any CPU.Build.0 = Debug|Any CPU
		{78240015-82E7-4C4C-8901-66AAA6ABA0D0}.Debug|ARM.ActiveCfg = Debug|Any CPU
		{78240015-82E7-4C4C-8901-66AAA6ABA0D0}.Debug|ARM.Build.0 = Debug|Any CPU
		{78240015-82E7-4C4C-8901-66AAA6ABA0D0}.Debug|iPhone.ActiveCfg = Debug|Any CPU
		{78240015-82E7-4C4C-8901-66AAA6ABA0D0}.Debug|iPhone.Build.0 = Debug|Any CPU
		{78240015-82E7-4C4C-8901-66AAA6ABA0D0}.Debug|iPhoneSimulator.ActiveCfg = Debug|Any CPU
		{78240015-82E7-4C4C-8901-66AAA6ABA0D0}.Debug|iPhoneSimulator.Build.0 = Debug|Any CPU
		{78240015-82E7-4C4C-8901-66AAA6ABA0D0}.Debug|x64.ActiveCfg = Debug|Any CPU
		{78240015-82E7-4C4C-8901-66AAA6ABA0D0}.Debug|x64.Build.0 = Debug|Any CPU
		{78240015-82E7-4C4C-8901-66AAA6ABA0D0}.Debug|x86.ActiveCfg = Debug|Any CPU
		{78240015-82E7-4C4C-8901-66AAA6ABA0D0}.Debug|x86.Build.0 = Debug|Any CPU
		{78240015-82E7-4C4C-8901-66AAA6ABA0D0}.Release|Any CPU.ActiveCfg = Release|Any CPU
		{78240015-82E7-4C4C-8901-66AAA6ABA0D0}.Release|Any CPU.Build.0 = Release|Any CPU
		{78240015-82E7-4C4C-8901-66AAA6ABA0D0}.Release|ARM.ActiveCfg = Release|Any CPU
		{78240015-82E7-4C4C-8901-66AAA6ABA0D0}.Release|ARM.Build.0 = Release|Any CPU
		{78240015-82E7-4C4C-8901-66AAA6ABA0D0}.Release|iPhone.ActiveCfg = Release|Any CPU
		{78240015-82E7-4C4C-8901-66AAA6ABA0D0}.Release|iPhone.Build.0 = Release|Any CPU
		{78240015-82E7-4C4C-8901-66AAA6ABA0D0}.Release|iPhoneSimulator.ActiveCfg = Release|Any CPU
		{78240015-82E7-4C4C-8901-66AAA6ABA0D0}.Release|iPhoneSimulator.Build.0 = Release|Any CPU
		{78240015-82E7-4C4C-8901-66AAA6ABA0D0}.Release|x64.ActiveCfg = Release|Any CPU
		{78240015-82E7-4C4C-8901-66AAA6ABA0D0}.Release|x64.Build.0 = Release|Any CPU
		{78240015-82E7-4C4C-8901-66AAA6ABA0D0}.Release|x86.ActiveCfg = Release|Any CPU
		{78240015-82E7-4C4C-8901-66AAA6ABA0D0}.Release|x86.Build.0 = Release|Any CPU
		{C0976D68-F8DE-4274-BD11-9AE0ECDA0F50}.Ad-Hoc|Any CPU.ActiveCfg = Release|x86
		{C0976D68-F8DE-4274-BD11-9AE0ECDA0F50}.Ad-Hoc|Any CPU.Build.0 = Release|x86
		{C0976D68-F8DE-4274-BD11-9AE0ECDA0F50}.Ad-Hoc|Any CPU.Deploy.0 = Release|x86
		{C0976D68-F8DE-4274-BD11-9AE0ECDA0F50}.Ad-Hoc|ARM.ActiveCfg = Release|ARM
		{C0976D68-F8DE-4274-BD11-9AE0ECDA0F50}.Ad-Hoc|ARM.Build.0 = Release|ARM
		{C0976D68-F8DE-4274-BD11-9AE0ECDA0F50}.Ad-Hoc|ARM.Deploy.0 = Release|ARM
		{C0976D68-F8DE-4274-BD11-9AE0ECDA0F50}.Ad-Hoc|iPhone.ActiveCfg = Release|x86
		{C0976D68-F8DE-4274-BD11-9AE0ECDA0F50}.Ad-Hoc|iPhone.Build.0 = Release|x86
		{C0976D68-F8DE-4274-BD11-9AE0ECDA0F50}.Ad-Hoc|iPhone.Deploy.0 = Release|x86
		{C0976D68-F8DE-4274-BD11-9AE0ECDA0F50}.Ad-Hoc|iPhoneSimulator.ActiveCfg = Release|x86
		{C0976D68-F8DE-4274-BD11-9AE0ECDA0F50}.Ad-Hoc|iPhoneSimulator.Build.0 = Release|x86
		{C0976D68-F8DE-4274-BD11-9AE0ECDA0F50}.Ad-Hoc|iPhoneSimulator.Deploy.0 = Release|x86
		{C0976D68-F8DE-4274-BD11-9AE0ECDA0F50}.Ad-Hoc|x64.ActiveCfg = Release|x64
		{C0976D68-F8DE-4274-BD11-9AE0ECDA0F50}.Ad-Hoc|x64.Build.0 = Release|x64
		{C0976D68-F8DE-4274-BD11-9AE0ECDA0F50}.Ad-Hoc|x64.Deploy.0 = Release|x64
		{C0976D68-F8DE-4274-BD11-9AE0ECDA0F50}.Ad-Hoc|x86.ActiveCfg = Release|x86
		{C0976D68-F8DE-4274-BD11-9AE0ECDA0F50}.Ad-Hoc|x86.Build.0 = Release|x86
		{C0976D68-F8DE-4274-BD11-9AE0ECDA0F50}.Ad-Hoc|x86.Deploy.0 = Release|x86
		{C0976D68-F8DE-4274-BD11-9AE0ECDA0F50}.AppStore|Any CPU.ActiveCfg = Release|x86
		{C0976D68-F8DE-4274-BD11-9AE0ECDA0F50}.AppStore|Any CPU.Build.0 = Release|x86
		{C0976D68-F8DE-4274-BD11-9AE0ECDA0F50}.AppStore|Any CPU.Deploy.0 = Release|x86
		{C0976D68-F8DE-4274-BD11-9AE0ECDA0F50}.AppStore|ARM.ActiveCfg = Release|ARM
		{C0976D68-F8DE-4274-BD11-9AE0ECDA0F50}.AppStore|ARM.Build.0 = Release|ARM
		{C0976D68-F8DE-4274-BD11-9AE0ECDA0F50}.AppStore|ARM.Deploy.0 = Release|ARM
		{C0976D68-F8DE-4274-BD11-9AE0ECDA0F50}.AppStore|iPhone.ActiveCfg = Release|x86
		{C0976D68-F8DE-4274-BD11-9AE0ECDA0F50}.AppStore|iPhone.Build.0 = Release|x86
		{C0976D68-F8DE-4274-BD11-9AE0ECDA0F50}.AppStore|iPhone.Deploy.0 = Release|x86
		{C0976D68-F8DE-4274-BD11-9AE0ECDA0F50}.AppStore|iPhoneSimulator.ActiveCfg = Release|x86
		{C0976D68-F8DE-4274-BD11-9AE0ECDA0F50}.AppStore|iPhoneSimulator.Build.0 = Release|x86
		{C0976D68-F8DE-4274-BD11-9AE0ECDA0F50}.AppStore|iPhoneSimulator.Deploy.0 = Release|x86
		{C0976D68-F8DE-4274-BD11-9AE0ECDA0F50}.AppStore|x64.ActiveCfg = Release|x64
		{C0976D68-F8DE-4274-BD11-9AE0ECDA0F50}.AppStore|x64.Build.0 = Release|x64
		{C0976D68-F8DE-4274-BD11-9AE0ECDA0F50}.AppStore|x64.Deploy.0 = Release|x64
		{C0976D68-F8DE-4274-BD11-9AE0ECDA0F50}.AppStore|x86.ActiveCfg = Release|x86
		{C0976D68-F8DE-4274-BD11-9AE0ECDA0F50}.AppStore|x86.Build.0 = Release|x86
		{C0976D68-F8DE-4274-BD11-9AE0ECDA0F50}.AppStore|x86.Deploy.0 = Release|x86
		{C0976D68-F8DE-4274-BD11-9AE0ECDA0F50}.Debug|Any CPU.ActiveCfg = Debug|x86
		{C0976D68-F8DE-4274-BD11-9AE0ECDA0F50}.Debug|Any CPU.Build.0 = Debug|x86
		{C0976D68-F8DE-4274-BD11-9AE0ECDA0F50}.Debug|Any CPU.Deploy.0 = Debug|x86
		{C0976D68-F8DE-4274-BD11-9AE0ECDA0F50}.Debug|ARM.ActiveCfg = Debug|ARM
		{C0976D68-F8DE-4274-BD11-9AE0ECDA0F50}.Debug|ARM.Build.0 = Debug|ARM
		{C0976D68-F8DE-4274-BD11-9AE0ECDA0F50}.Debug|ARM.Deploy.0 = Debug|ARM
		{C0976D68-F8DE-4274-BD11-9AE0ECDA0F50}.Debug|iPhone.ActiveCfg = Debug|x86
		{C0976D68-F8DE-4274-BD11-9AE0ECDA0F50}.Debug|iPhoneSimulator.ActiveCfg = Debug|x86
		{C0976D68-F8DE-4274-BD11-9AE0ECDA0F50}.Debug|x64.ActiveCfg = Debug|x64
		{C0976D68-F8DE-4274-BD11-9AE0ECDA0F50}.Debug|x64.Build.0 = Debug|x64
		{C0976D68-F8DE-4274-BD11-9AE0ECDA0F50}.Debug|x64.Deploy.0 = Debug|x64
		{C0976D68-F8DE-4274-BD11-9AE0ECDA0F50}.Debug|x86.ActiveCfg = Debug|x86
		{C0976D68-F8DE-4274-BD11-9AE0ECDA0F50}.Debug|x86.Build.0 = Debug|x86
		{C0976D68-F8DE-4274-BD11-9AE0ECDA0F50}.Debug|x86.Deploy.0 = Debug|x86
		{C0976D68-F8DE-4274-BD11-9AE0ECDA0F50}.Release|Any CPU.ActiveCfg = Release|x86
		{C0976D68-F8DE-4274-BD11-9AE0ECDA0F50}.Release|ARM.ActiveCfg = Release|ARM
		{C0976D68-F8DE-4274-BD11-9AE0ECDA0F50}.Release|ARM.Build.0 = Release|ARM
		{C0976D68-F8DE-4274-BD11-9AE0ECDA0F50}.Release|ARM.Deploy.0 = Release|ARM
		{C0976D68-F8DE-4274-BD11-9AE0ECDA0F50}.Release|iPhone.ActiveCfg = Release|x86
		{C0976D68-F8DE-4274-BD11-9AE0ECDA0F50}.Release|iPhoneSimulator.ActiveCfg = Release|x86
		{C0976D68-F8DE-4274-BD11-9AE0ECDA0F50}.Release|x64.ActiveCfg = Release|x64
		{C0976D68-F8DE-4274-BD11-9AE0ECDA0F50}.Release|x64.Build.0 = Release|x64
		{C0976D68-F8DE-4274-BD11-9AE0ECDA0F50}.Release|x64.Deploy.0 = Release|x64
		{C0976D68-F8DE-4274-BD11-9AE0ECDA0F50}.Release|x86.ActiveCfg = Release|x86
		{C0976D68-F8DE-4274-BD11-9AE0ECDA0F50}.Release|x86.Build.0 = Release|x86
		{C0976D68-F8DE-4274-BD11-9AE0ECDA0F50}.Release|x86.Deploy.0 = Release|x86
		{4A0A7DB7-6AFB-4521-B2FD-3E397058F40A}.Ad-Hoc|Any CPU.ActiveCfg = Ad-Hoc|iPhone
		{4A0A7DB7-6AFB-4521-B2FD-3E397058F40A}.Ad-Hoc|ARM.ActiveCfg = Ad-Hoc|iPhone
		{4A0A7DB7-6AFB-4521-B2FD-3E397058F40A}.Ad-Hoc|iPhone.ActiveCfg = Ad-Hoc|iPhone
		{4A0A7DB7-6AFB-4521-B2FD-3E397058F40A}.Ad-Hoc|iPhone.Build.0 = Ad-Hoc|iPhone
		{4A0A7DB7-6AFB-4521-B2FD-3E397058F40A}.Ad-Hoc|iPhoneSimulator.ActiveCfg = Ad-Hoc|iPhoneSimulator
		{4A0A7DB7-6AFB-4521-B2FD-3E397058F40A}.Ad-Hoc|iPhoneSimulator.Build.0 = Ad-Hoc|iPhoneSimulator
		{4A0A7DB7-6AFB-4521-B2FD-3E397058F40A}.Ad-Hoc|x64.ActiveCfg = Ad-Hoc|iPhone
		{4A0A7DB7-6AFB-4521-B2FD-3E397058F40A}.Ad-Hoc|x86.ActiveCfg = Ad-Hoc|iPhone
		{4A0A7DB7-6AFB-4521-B2FD-3E397058F40A}.AppStore|Any CPU.ActiveCfg = AppStore|iPhone
		{4A0A7DB7-6AFB-4521-B2FD-3E397058F40A}.AppStore|ARM.ActiveCfg = AppStore|iPhone
		{4A0A7DB7-6AFB-4521-B2FD-3E397058F40A}.AppStore|iPhone.ActiveCfg = AppStore|iPhone
		{4A0A7DB7-6AFB-4521-B2FD-3E397058F40A}.AppStore|iPhone.Build.0 = AppStore|iPhone
		{4A0A7DB7-6AFB-4521-B2FD-3E397058F40A}.AppStore|iPhoneSimulator.ActiveCfg = AppStore|iPhoneSimulator
		{4A0A7DB7-6AFB-4521-B2FD-3E397058F40A}.AppStore|iPhoneSimulator.Build.0 = AppStore|iPhoneSimulator
		{4A0A7DB7-6AFB-4521-B2FD-3E397058F40A}.AppStore|x64.ActiveCfg = AppStore|iPhone
		{4A0A7DB7-6AFB-4521-B2FD-3E397058F40A}.AppStore|x86.ActiveCfg = AppStore|iPhone
		{4A0A7DB7-6AFB-4521-B2FD-3E397058F40A}.Debug|Any CPU.ActiveCfg = Debug|iPhone
		{4A0A7DB7-6AFB-4521-B2FD-3E397058F40A}.Debug|ARM.ActiveCfg = Debug|iPhone
		{4A0A7DB7-6AFB-4521-B2FD-3E397058F40A}.Debug|iPhone.ActiveCfg = Debug|iPhone
		{4A0A7DB7-6AFB-4521-B2FD-3E397058F40A}.Debug|iPhone.Build.0 = Debug|iPhone
		{4A0A7DB7-6AFB-4521-B2FD-3E397058F40A}.Debug|iPhoneSimulator.ActiveCfg = Debug|iPhoneSimulator
		{4A0A7DB7-6AFB-4521-B2FD-3E397058F40A}.Debug|iPhoneSimulator.Build.0 = Debug|iPhoneSimulator
		{4A0A7DB7-6AFB-4521-B2FD-3E397058F40A}.Debug|x64.ActiveCfg = Debug|iPhone
		{4A0A7DB7-6AFB-4521-B2FD-3E397058F40A}.Debug|x86.ActiveCfg = Debug|iPhone
		{4A0A7DB7-6AFB-4521-B2FD-3E397058F40A}.Release|Any CPU.ActiveCfg = Release|iPhone
		{4A0A7DB7-6AFB-4521-B2FD-3E397058F40A}.Release|ARM.ActiveCfg = Release|iPhone
		{4A0A7DB7-6AFB-4521-B2FD-3E397058F40A}.Release|iPhone.ActiveCfg = Release|iPhone
		{4A0A7DB7-6AFB-4521-B2FD-3E397058F40A}.Release|iPhone.Build.0 = Release|iPhone
		{4A0A7DB7-6AFB-4521-B2FD-3E397058F40A}.Release|iPhoneSimulator.ActiveCfg = Release|iPhoneSimulator
		{4A0A7DB7-6AFB-4521-B2FD-3E397058F40A}.Release|iPhoneSimulator.Build.0 = Release|iPhoneSimulator
		{4A0A7DB7-6AFB-4521-B2FD-3E397058F40A}.Release|x64.ActiveCfg = Release|iPhone
		{4A0A7DB7-6AFB-4521-B2FD-3E397058F40A}.Release|x86.ActiveCfg = Release|iPhone
	EndGlobalSection
	GlobalSection(SolutionProperties) = preSolution
		HideSolutionNode = FALSE
	EndGlobalSection
EndGlobal
